
Microsoft Visual Studio Solution File, Format Version 12.00
# Visual Studio Version 16
VisualStudioVersion = 16.0.31129.286
MinimumVisualStudioVersion = 10.0.40219.1
Project("{FAE04EC0-301F-11D3-BF4B-00C04F79EFBC}") = "u21482889_HW04", "u21482889_HW04\u21482889_HW04.csproj", "{F11EB6FD-1EE1-4EB9-A1E1-5DEBF8D5E71D}"
EndProject
Global
	GlobalSection(SolutionConfigurationPlatforms) = preSolution
		Debug|Any CPU = Debug|Any CPU
		Release|Any CPU = Release|Any CPU
	EndGlobalSection
	GlobalSection(ProjectConfigurationPlatforms) = postSolution
		{F11EB6FD-1EE1-4EB9-A1E1-5DEBF8D5E71D}.Debug|Any CPU.ActiveCfg = Debug|Any CPU
		{F11EB6FD-1EE1-4EB9-A1E1-5DEBF8D5E71D}.Debug|Any CPU.Build.0 = Debug|Any CPU
		{F11EB6FD-1EE1-4EB9-A1E1-5DEBF8D5E71D}.Release|Any CPU.ActiveCfg = Release|Any CPU
		{F11EB6FD-1EE1-4EB9-A1E1-5DEBF8D5E71D}.Release|Any CPU.Build.0 = Release|Any CPU
	EndGlobalSection
	GlobalSection(SolutionProperties) = preSolution
		HideSolutionNode = FALSE
	EndGlobalSection
	GlobalSection(ExtensibilityGlobals) = postSolution
		SolutionGuid = {32D205CD-9F70-47B1-AC7B-7B2A9B22B938}
	EndGlobalSection
EndGlobal
